
Microsoft Visual Studio Solution File, Format Version 12.00
# Visual Studio 15
VisualStudioVersion = 15.0.28010.2036
MinimumVisualStudioVersion = 10.0.40219.1
Project("{FAE04EC0-301F-11D3-BF4B-00C04F79EFBC}") = "Assembly-CSharp", "Assembly-CSharp.csproj", "{2AAD6523-CBC8-2D5D-878E-DFA5C27CDDFD}"
EndProject
Project("{FAE04EC0-301F-11D3-BF4B-00C04F79EFBC}") = "Assembly-CSharp-firstpass", "Assembly-CSharp-firstpass.csproj", "{A3736ED7-754C-0AF1-C9DD-30B496B7CDD2}"
EndProject
Project("{FAE04EC0-301F-11D3-BF4B-00C04F79EFBC}") = "Assembly-CSharp-Editor-firstpass", "Assembly-CSharp-Editor-firstpass.csproj", "{607ECDB1-0DAA-5BA9-4893-90C81E8FE1A5}"
EndProject
Project("{8BC9CEB8-8B4A-11D0-8D11-00A0C91BC942}") = "Project1", "C:\Users\Gytonsas.000\source\repos\Project1\Project1\Project1.vcxproj", "{9F996E6A-0159-4FD7-87DC-48DAB92D095C}"
EndProject
Global
	GlobalSection(SolutionConfigurationPlatforms) = preSolution
		Debug|Any CPU = Debug|Any CPU
		Release|Any CPU = Release|Any CPU
	EndGlobalSection
	GlobalSection(ProjectConfigurationPlatforms) = postSolution
		{2AAD6523-CBC8-2D5D-878E-DFA5C27CDDFD}.Debug|Any CPU.ActiveCfg = Debug|Any CPU
		{2AAD6523-CBC8-2D5D-878E-DFA5C27CDDFD}.Debug|Any CPU.Build.0 = Debug|Any CPU
		{2AAD6523-CBC8-2D5D-878E-DFA5C27CDDFD}.Release|Any CPU.ActiveCfg = Release|Any CPU
		{2AAD6523-CBC8-2D5D-878E-DFA5C27CDDFD}.Release|Any CPU.Build.0 = Release|Any CPU
		{A3736ED7-754C-0AF1-C9DD-30B496B7CDD2}.Debug|Any CPU.ActiveCfg = Debug|Any CPU
		{A3736ED7-754C-0AF1-C9DD-30B496B7CDD2}.Debug|Any CPU.Build.0 = Debug|Any CPU
		{A3736ED7-754C-0AF1-C9DD-30B496B7CDD2}.Release|Any CPU.ActiveCfg = Release|Any CPU
		{A3736ED7-754C-0AF1-C9DD-30B496B7CDD2}.Release|Any CPU.Build.0 = Release|Any CPU
		{607ECDB1-0DAA-5BA9-4893-90C81E8FE1A5}.Debug|Any CPU.ActiveCfg = Debug|Any CPU
		{607ECDB1-0DAA-5BA9-4893-90C81E8FE1A5}.Debug|Any CPU.Build.0 = Debug|Any CPU
		{607ECDB1-0DAA-5BA9-4893-90C81E8FE1A5}.Release|Any CPU.ActiveCfg = Release|Any CPU
		{607ECDB1-0DAA-5BA9-4893-90C81E8FE1A5}.Release|Any CPU.Build.0 = Release|Any CPU
		{9F996E6A-0159-4FD7-87DC-48DAB92D095C}.Debug|Any CPU.ActiveCfg = Debug|Win32
		{9F996E6A-0159-4FD7-87DC-48DAB92D095C}.Release|Any CPU.ActiveCfg = Release|Win32
	EndGlobalSection
	GlobalSection(SolutionProperties) = preSolution
		HideSolutionNode = FALSE
	EndGlobalSection
	GlobalSection(ExtensibilityGlobals) = postSolution
		SolutionGuid = {382C20FB-18DF-4796-95BB-7AAC29D1602D}
	EndGlobalSection
EndGlobal
